{
  "version": 4,
  "terraform_version": "1.12.2",
  "serial": 1,
  "lineage": "78f0bf93-30bf-fe12-15e7-c75efe526d1d",
  "outputs": {},
  "resources": [
    {
      "mode": "managed",
      "type": "aws_vpc",
      "name": "my_first_vpc",
      "provider": "provider[\"registry.terraform.io/hashicorp/aws\"]",
      "instances": [
        {
          "schema_version": 1,
          "attributes": {
            "arn": "arn:aws:ec2:us-east-1:233800678850:vpc/vpc-0902be4a3e81d47a9",
            "assign_generated_ipv6_cidr_block": false,
            "cidr_block": "11.0.0.0/24",
            "default_network_acl_id": "acl-097196fcd57005bb2",
            "default_route_table_id": "rtb-08e337ea80f0bd291",
            "default_security_group_id": "sg-08d3bcb6fc97a3ef5",
            "dhcp_options_id": "dopt-00b1c1cff9eb87161",
            "enable_dns_hostnames": false,
            "enable_dns_support": true,
            "enable_network_address_usage_metrics": false,
            "id": "vpc-0902be4a3e81d47a9",
            "instance_tenancy": "default",
            "ipv4_ipam_pool_id": null,
            "ipv4_netmask_length": null,
            "ipv6_association_id": "",
            "ipv6_cidr_block": "",
            "ipv6_cidr_block_network_border_group": "",
            "ipv6_ipam_pool_id": "",
            "ipv6_netmask_length": 0,
            "main_route_table_id": "rtb-08e337ea80f0bd291",
            "owner_id": "233800678850",
            "region": "us-east-1",
            "tags": null,
            "tags_all": {}
          },
          "sensitive_attributes": [],
          "identity_schema_version": 0,
          "identity": {
            "account_id": "233800678850",
            "id": "vpc-0902be4a3e81d47a9",
            "region": "us-east-1"
          },
          "private": "eyJzY2hlbWFfdmVyc2lvbiI6IjEifQ=="
        }
      ]
    }
  ],
  "check_results": null
}
