{
  "version": 4,
  "terraform_version": "1.12.2",
  "serial": 8,
  "lineage": "0b67b692-ab33-0f72-b08c-3fca7d838612",
  "outputs": {},
  "resources": [
    {
      "module": "module.eks",
      "mode": "managed",
      "type": "aws_eks_cluster",
      "name": "rover_dev_eks_cluster",
      "provider": "provider[\"registry.terraform.io/hashicorp/aws\"].primary_east",
      "instances": [
        {
          "schema_version": 1,
          "attributes": {
            "access_config": [
              {
                "authentication_mode": "API_AND_CONFIG_MAP",
                "bootstrap_cluster_creator_admin_permissions": false
              }
            ],
            "arn": "arn:aws:eks:us-east-1:886436933815:cluster/rover_dev_eks_cluster",
            "bootstrap_self_managed_addons": true,
            "certificate_authority": [
              {
                "data": "LS0tLS1CRUdJTiBDRVJUSUZJQ0FURS0tLS0tCk1JSURCVENDQWUyZ0F3SUJBZ0lJTGZKczlOUGswWHN3RFFZSktvWklodmNOQVFFTEJRQXdGVEVUTUJFR0ExVUUKQXhNS2EzVmlaWEp1WlhSbGN6QWVGdzB5TmpBME1UQXhOekk0TURWYUZ3MHpOakEwTURjeE56TXpNRFZhTUJVeApFekFSQmdOVkJBTVRDbXQxWW1WeWJtVjBaWE13Z2dFaU1BMEdDU3FHU0liM0RRRUJBUVVBQTRJQkR3QXdnZ0VLCkFvSUJBUUREVnowU1AxUXpOUnBRbEFiSlVvQVAydmo2N01HUWRLVnBrZG5vMFh3SkxibG5EWkRrSVlRL2VXY28KSEl4RXZBeEM2eE1OMDJVREd3bTJYTXgzZXJ1V0pVZXV0eWRuODRUQzJjWUpQQTIzQWpmRGVQMzA1UkRDaUF5TApSVytmZlA1ZnFzVkpkVFJJRkYxUTMrRVlxamdWWVJiTE5sd0lLdmhvWjZJdldDK0x2MUNpOE11aThLVU1QUGIzCllGd3pqVitjYUdsb1h0OE5rd0w5LzRuaTFiSm43ZDNvM0x5Wk9Fd3NKcUJwR3R1VjZVSEtXdllNUm1nblRaMkgKRnJIMDNkeE5tYTRXR0pSa0lLRUtLU1h2MXJ0aGorZng3WFBGRWxtRnI5cndkWHNoMHpsc1ZhY0VqVEkvSGRjMwp4NmJPNmJ0MGg4TFZhc0djK1Zwc0Fza0o2TWI5QWdNQkFBR2pXVEJYTUE0R0ExVWREd0VCL3dRRUF3SUNwREFQCkJnTlZIUk1CQWY4RUJUQURBUUgvTUIwR0ExVWREZ1FXQkJTVWNNN0pNcndHeUVBcU1LRXJzNzlVOHFEMlVEQVYKQmdOVkhSRUVEakFNZ2dwcmRXSmxjbTVsZEdWek1BMEdDU3FHU0liM0RRRUJDd1VBQTRJQkFRQTNWaXRZQkYzTQpBOTZlQ200WkNLUyt1YkZGK0xhVC9ZM0ZsbzA5N2pxNzhKQU1qNk5BSzU3R1dRbkpFaVB0eUdxbXExeE5LOHBPCnpPTkJsUEZpenZNTzBvbGlKT1p1aDEzOXVkaXdCNHovM1NwNWxvZ0RxVUthSEFWSlR1enk1QkcremZyN01Rb3oKWHNFQmJxUk1rMllycThqOGozc2htdEJ1N0owSVJKQ2ZhQnJvaVBINkNsRTQ2UXhvUno0N2kwNXlyUU9zOUxQawp5Skk5VGIxN2NGQzFNTzlyc3hyRG9ic1hKN2JYQkFSaStSZFpINW9tMzduQUJVQ0dkaVplRHM5V1Z0QmNPOWRpCng5Z3YrSktjc1JIWHNSOC9OWSs2MzkyckZTWGkvZ240RnZZcHhLY0RvSUxxRGJ2SHl4ajFyemQreXdsM1cvTk0KYnE1YnR2QlErSlVBCi0tLS0tRU5EIENFUlRJRklDQVRFLS0tLS0K"
              }
            ],
            "cluster_id": null,
            "compute_config": [
              {
                "enabled": false,
                "node_pools": [],
                "node_role_arn": ""
              }
            ],
            "control_plane_scaling_config": [
              {
                "tier": "standard"
              }
            ],
            "created_at": "2026-04-10T17:27:33Z",
            "deletion_protection": false,
            "enabled_cluster_log_types": [],
            "encryption_config": [],
            "endpoint": "https://868EA34624B83056941E2B9C53108C01.gr7.us-east-1.eks.amazonaws.com",
            "force_update_version": null,
            "id": "rover_dev_eks_cluster",
            "identity": [
              {
                "oidc": [
                  {
                    "issuer": "https://oidc.eks.us-east-1.amazonaws.com/id/868EA34624B83056941E2B9C53108C01"
                  }
                ]
              }
            ],
            "kubernetes_network_config": [
              {
                "elastic_load_balancing": [
                  {
                    "enabled": false
                  }
                ],
                "ip_family": "ipv4",
                "service_ipv4_cidr": "10.100.0.0/16",
                "service_ipv6_cidr": ""
              }
            ],
            "name": "rover_dev_eks_cluster",
            "outpost_config": [],
            "platform_version": "eks.19",
            "region": "us-east-1",
            "remote_network_config": [],
            "role_arn": "arn:aws:iam::886436933815:role/eksClusterRole",
            "status": "ACTIVE",
            "storage_config": [
              {
                "block_storage": [
                  {
                    "enabled": false
                  }
                ]
              }
            ],
            "tags": {
              "Name": "rover_dev_eks_cluster"
            },
            "tags_all": {
              "Name": "rover_dev_eks_cluster"
            },
            "timeouts": null,
            "upgrade_policy": [
              {
                "support_type": "EXTENDED"
              }
            ],
            "version": "1.34",
            "vpc_config": [
              {
                "cluster_security_group_id": "sg-027fb04821a111836",
                "endpoint_private_access": false,
                "endpoint_public_access": true,
                "public_access_cidrs": [
                  "0.0.0.0/0"
                ],
                "security_group_ids": [],
                "subnet_ids": [
                  "subnet-078974845ac4cab20",
                  "subnet-0aaf7602afa7e4dad"
                ],
                "vpc_id": "vpc-0753c58500f2d27d4"
              }
            ],
            "zonal_shift_config": []
          },
          "sensitive_attributes": [],
          "identity_schema_version": 0,
          "identity": {
            "account_id": "886436933815",
            "name": "rover_dev_eks_cluster",
            "region": "us-east-1"
          },
          "private": "eyJlMmJmYjczMC1lY2FhLTExZTYtOGY4OC0zNDM2M2JjN2M0YzAiOnsiY3JlYXRlIjoxODAwMDAwMDAwMDAwLCJkZWxldGUiOjkwMDAwMDAwMDAwMCwidXBkYXRlIjozNjAwMDAwMDAwMDAwfSwic2NoZW1hX3ZlcnNpb24iOiIxIn0=",
          "dependencies": [
            "module.vpc.aws_internet_gateway.rover_dev_igw",
            "module.vpc.aws_network_acl.rover_dev_nacl",
            "module.vpc.aws_network_acl_association.network_acl_association_subnet_1a",
            "module.vpc.aws_network_acl_association.network_acl_association_subnet_1b",
            "module.vpc.aws_route_table.rover_dev_rt",
            "module.vpc.aws_route_table_association.route_table_association_1a",
            "module.vpc.aws_route_table_association.route_table_association_1b",
            "module.vpc.aws_security_group.rover_dev_sg",
            "module.vpc.aws_subnet.rover_public_subent-1a",
            "module.vpc.aws_subnet.rover_public_subent-1b",
            "module.vpc.aws_vpc.rover_vpc_east",
            "module.vpc.aws_vpc_security_group_egress_rule.rover_dev_sg_egress",
            "module.vpc.aws_vpc_security_group_ingress_rule.rover_dev_sg_ingress"
          ]
        }
      ]
    },
    {
      "module": "module.eks",
      "mode": "managed",
      "type": "aws_eks_node_group",
      "name": "rover_dev_eks_node_group",
      "provider": "provider[\"registry.terraform.io/hashicorp/aws\"].primary_east",
      "instances": [
        {
          "schema_version": 0,
          "attributes": {
            "ami_type": "AL2023_x86_64_STANDARD",
            "arn": "arn:aws:eks:us-east-1:886436933815:nodegroup/rover_dev_eks_cluster/eks_dev_node_group/c2cebc44-2ec4-4947-339c-d544fa3c1432",
            "capacity_type": "ON_DEMAND",
            "cluster_name": "rover_dev_eks_cluster",
            "disk_size": 20,
            "force_update_version": null,
            "id": "rover_dev_eks_cluster:eks_dev_node_group",
            "instance_types": [
              "t3.medium"
            ],
            "labels": {},
            "launch_template": [],
            "node_group_name": "eks_dev_node_group",
            "node_group_name_prefix": "",
            "node_repair_config": [],
            "node_role_arn": "arn:aws:iam::886436933815:role/eksNodeRole",
            "region": "us-east-1",
            "release_version": "1.34.4-20260403",
            "remote_access": [],
            "resources": [
              {
                "autoscaling_groups": [
                  {
                    "name": "eks-eks_dev_node_group-c2cebc44-2ec4-4947-339c-d544fa3c1432"
                  }
                ],
                "remote_access_security_group_id": ""
              }
            ],
            "scaling_config": [
              {
                "desired_size": 2,
                "max_size": 2,
                "min_size": 2
              }
            ],
            "status": "ACTIVE",
            "subnet_ids": [
              "subnet-078974845ac4cab20",
              "subnet-0aaf7602afa7e4dad"
            ],
            "tags": {
              "Name": "rover_dev_node_group"
            },
            "tags_all": {
              "Name": "rover_dev_node_group"
            },
            "taint": [],
            "timeouts": null,
            "update_config": [
              {
                "max_unavailable": 1,
                "max_unavailable_percentage": 0,
                "update_strategy": ""
              }
            ],
            "version": "1.34"
          },
          "sensitive_attributes": [],
          "identity_schema_version": 0,
          "private": "eyJlMmJmYjczMC1lY2FhLTExZTYtOGY4OC0zNDM2M2JjN2M0YzAiOnsiY3JlYXRlIjozNjAwMDAwMDAwMDAwLCJkZWxldGUiOjM2MDAwMDAwMDAwMDAsInVwZGF0ZSI6MzYwMDAwMDAwMDAwMH19",
          "dependencies": [
            "module.eks.aws_eks_cluster.rover_dev_eks_cluster",
            "module.vpc.aws_internet_gateway.rover_dev_igw",
            "module.vpc.aws_network_acl.rover_dev_nacl",
            "module.vpc.aws_network_acl_association.network_acl_association_subnet_1a",
            "module.vpc.aws_network_acl_association.network_acl_association_subnet_1b",
            "module.vpc.aws_route_table.rover_dev_rt",
            "module.vpc.aws_route_table_association.route_table_association_1a",
            "module.vpc.aws_route_table_association.route_table_association_1b",
            "module.vpc.aws_security_group.rover_dev_sg",
            "module.vpc.aws_subnet.rover_public_subent-1a",
            "module.vpc.aws_subnet.rover_public_subent-1b",
            "module.vpc.aws_vpc.rover_vpc_east",
            "module.vpc.aws_vpc_security_group_egress_rule.rover_dev_sg_egress",
            "module.vpc.aws_vpc_security_group_ingress_rule.rover_dev_sg_ingress"
          ]
        }
      ]
    },
    {
      "module": "module.vpc",
      "mode": "managed",
      "type": "aws_internet_gateway",
      "name": "rover_dev_igw",
      "provider": "provider[\"registry.terraform.io/hashicorp/aws\"].primary_east",
      "instances": [
        {
          "schema_version": 0,
          "attributes": {
            "arn": "arn:aws:ec2:us-east-1:886436933815:internet-gateway/igw-0496985ba93914924",
            "id": "igw-0496985ba93914924",
            "owner_id": "886436933815",
            "region": "us-east-1",
            "tags": {
              "Name": "rove_dev_igw"
            },
            "tags_all": {
              "Name": "rove_dev_igw"
            },
            "timeouts": null,
            "vpc_id": "vpc-0753c58500f2d27d4"
          },
          "sensitive_attributes": [],
          "identity_schema_version": 0,
          "private": "eyJlMmJmYjczMC1lY2FhLTExZTYtOGY4OC0zNDM2M2JjN2M0YzAiOnsiY3JlYXRlIjoxMjAwMDAwMDAwMDAwLCJkZWxldGUiOjEyMDAwMDAwMDAwMDAsInVwZGF0ZSI6MTIwMDAwMDAwMDAwMH19",
          "dependencies": [
            "module.vpc.aws_vpc.rover_vpc_east"
          ]
        }
      ]
    },
    {
      "module": "module.vpc",
      "mode": "managed",
      "type": "aws_network_acl",
      "name": "rover_dev_nacl",
      "provider": "provider[\"registry.terraform.io/hashicorp/aws\"].primary_east",
      "instances": [
        {
          "schema_version": 0,
          "attributes": {
            "arn": "arn:aws:ec2:us-east-1:886436933815:network-acl/acl-06a411e14c8a2580e",
            "egress": [
              {
                "action": "allow",
                "cidr_block": "0.0.0.0/0",
                "from_port": 0,
                "icmp_code": 0,
                "icmp_type": 0,
                "ipv6_cidr_block": "",
                "protocol": "-1",
                "rule_no": 100,
                "to_port": 0
              }
            ],
            "id": "acl-06a411e14c8a2580e",
            "ingress": [
              {
                "action": "allow",
                "cidr_block": "0.0.0.0/0",
                "from_port": 0,
                "icmp_code": 0,
                "icmp_type": 0,
                "ipv6_cidr_block": "",
                "protocol": "-1",
                "rule_no": 100,
                "to_port": 0
              }
            ],
            "owner_id": "886436933815",
            "region": "us-east-1",
            "subnet_ids": [
              "subnet-078974845ac4cab20",
              "subnet-0aaf7602afa7e4dad"
            ],
            "tags": {
              "Name": "rover_dev_nacl"
            },
            "tags_all": {
              "Name": "rover_dev_nacl"
            },
            "vpc_id": "vpc-0753c58500f2d27d4"
          },
          "sensitive_attributes": [],
          "identity_schema_version": 0,
          "private": "bnVsbA==",
          "dependencies": [
            "module.vpc.aws_vpc.rover_vpc_east"
          ]
        }
      ]
    },
    {
      "module": "module.vpc",
      "mode": "managed",
      "type": "aws_network_acl_association",
      "name": "network_acl_association_subnet_1a",
      "provider": "provider[\"registry.terraform.io/hashicorp/aws\"].primary_east",
      "instances": [
        {
          "schema_version": 0,
          "attributes": {
            "id": "aclassoc-068894c4efc374672",
            "network_acl_id": "acl-06a411e14c8a2580e",
            "region": "us-east-1",
            "subnet_id": "subnet-0aaf7602afa7e4dad"
          },
          "sensitive_attributes": [],
          "identity_schema_version": 0,
          "private": "bnVsbA==",
          "dependencies": [
            "module.vpc.aws_network_acl.rover_dev_nacl",
            "module.vpc.aws_subnet.rover_public_subent-1a",
            "module.vpc.aws_vpc.rover_vpc_east"
          ]
        }
      ]
    },
    {
      "module": "module.vpc",
      "mode": "managed",
      "type": "aws_network_acl_association",
      "name": "network_acl_association_subnet_1b",
      "provider": "provider[\"registry.terraform.io/hashicorp/aws\"].primary_east",
      "instances": [
        {
          "schema_version": 0,
          "attributes": {
            "id": "aclassoc-01860865558aef29a",
            "network_acl_id": "acl-06a411e14c8a2580e",
            "region": "us-east-1",
            "subnet_id": "subnet-078974845ac4cab20"
          },
          "sensitive_attributes": [],
          "identity_schema_version": 0,
          "private": "bnVsbA==",
          "dependencies": [
            "module.vpc.aws_network_acl.rover_dev_nacl",
            "module.vpc.aws_subnet.rover_public_subent-1b",
            "module.vpc.aws_vpc.rover_vpc_east"
          ]
        }
      ]
    },
    {
      "module": "module.vpc",
      "mode": "managed",
      "type": "aws_route_table",
      "name": "rover_dev_rt",
      "provider": "provider[\"registry.terraform.io/hashicorp/aws\"].primary_east",
      "instances": [
        {
          "schema_version": 0,
          "attributes": {
            "arn": "arn:aws:ec2:us-east-1:886436933815:route-table/rtb-0eaeb11b0d7b472a0",
            "id": "rtb-0eaeb11b0d7b472a0",
            "owner_id": "886436933815",
            "propagating_vgws": [],
            "region": "us-east-1",
            "route": [
              {
                "carrier_gateway_id": "",
                "cidr_block": "0.0.0.0/0",
                "core_network_arn": "",
                "destination_prefix_list_id": "",
                "egress_only_gateway_id": "",
                "gateway_id": "igw-0496985ba93914924",
                "ipv6_cidr_block": "",
                "local_gateway_id": "",
                "nat_gateway_id": "",
                "network_interface_id": "",
                "transit_gateway_id": "",
                "vpc_endpoint_id": "",
                "vpc_peering_connection_id": ""
              }
            ],
            "tags": {
              "Name": "rover_dev_rt"
            },
            "tags_all": {
              "Name": "rover_dev_rt"
            },
            "timeouts": null,
            "vpc_id": "vpc-0753c58500f2d27d4"
          },
          "sensitive_attributes": [],
          "identity_schema_version": 0,
          "identity": {
            "account_id": "886436933815",
            "id": "rtb-0eaeb11b0d7b472a0",
            "region": "us-east-1"
          },
          "private": "eyJlMmJmYjczMC1lY2FhLTExZTYtOGY4OC0zNDM2M2JjN2M0YzAiOnsiY3JlYXRlIjozMDAwMDAwMDAwMDAsImRlbGV0ZSI6MzAwMDAwMDAwMDAwLCJ1cGRhdGUiOjEyMDAwMDAwMDAwMH19",
          "dependencies": [
            "module.vpc.aws_internet_gateway.rover_dev_igw",
            "module.vpc.aws_vpc.rover_vpc_east"
          ]
        }
      ]
    },
    {
      "module": "module.vpc",
      "mode": "managed",
      "type": "aws_route_table_association",
      "name": "route_table_association_1a",
      "provider": "provider[\"registry.terraform.io/hashicorp/aws\"].primary_east",
      "instances": [
        {
          "schema_version": 0,
          "attributes": {
            "gateway_id": "",
            "id": "rtbassoc-0f710248f38a5a13e",
            "region": "us-east-1",
            "route_table_id": "rtb-0eaeb11b0d7b472a0",
            "subnet_id": "subnet-0aaf7602afa7e4dad",
            "timeouts": null
          },
          "sensitive_attributes": [],
          "identity_schema_version": 0,
          "identity": {
            "account_id": "886436933815",
            "id": "rtbassoc-0f710248f38a5a13e",
            "region": "us-east-1"
          },
          "private": "eyJlMmJmYjczMC1lY2FhLTExZTYtOGY4OC0zNDM2M2JjN2M0YzAiOnsiY3JlYXRlIjozMDAwMDAwMDAwMDAsImRlbGV0ZSI6MzAwMDAwMDAwMDAwLCJ1cGRhdGUiOjEyMDAwMDAwMDAwMH19",
          "dependencies": [
            "module.vpc.aws_internet_gateway.rover_dev_igw",
            "module.vpc.aws_route_table.rover_dev_rt",
            "module.vpc.aws_subnet.rover_public_subent-1a",
            "module.vpc.aws_vpc.rover_vpc_east"
          ]
        }
      ]
    },
    {
      "module": "module.vpc",
      "mode": "managed",
      "type": "aws_route_table_association",
      "name": "route_table_association_1b",
      "provider": "provider[\"registry.terraform.io/hashicorp/aws\"].primary_east",
      "instances": [
        {
          "schema_version": 0,
          "attributes": {
            "gateway_id": "",
            "id": "rtbassoc-045802e8261387aa2",
            "region": "us-east-1",
            "route_table_id": "rtb-0eaeb11b0d7b472a0",
            "subnet_id": "subnet-078974845ac4cab20",
            "timeouts": null
          },
          "sensitive_attributes": [],
          "identity_schema_version": 0,
          "identity": {
            "account_id": "886436933815",
            "id": "rtbassoc-045802e8261387aa2",
            "region": "us-east-1"
          },
          "private": "eyJlMmJmYjczMC1lY2FhLTExZTYtOGY4OC0zNDM2M2JjN2M0YzAiOnsiY3JlYXRlIjozMDAwMDAwMDAwMDAsImRlbGV0ZSI6MzAwMDAwMDAwMDAwLCJ1cGRhdGUiOjEyMDAwMDAwMDAwMH19",
          "dependencies": [
            "module.vpc.aws_internet_gateway.rover_dev_igw",
            "module.vpc.aws_route_table.rover_dev_rt",
            "module.vpc.aws_subnet.rover_public_subent-1b",
            "module.vpc.aws_vpc.rover_vpc_east"
          ]
        }
      ]
    },
    {
      "module": "module.vpc",
      "mode": "managed",
      "type": "aws_security_group",
      "name": "rover_dev_sg",
      "provider": "provider[\"registry.terraform.io/hashicorp/aws\"].primary_east",
      "instances": [
        {
          "schema_version": 1,
          "attributes": {
            "arn": "arn:aws:ec2:us-east-1:886436933815:security-group/sg-0d77ea7cb2f03d30d",
            "description": "Managed by Terraform",
            "egress": [
              {
                "cidr_blocks": [
                  "0.0.0.0/0"
                ],
                "description": "",
                "from_port": 0,
                "ipv6_cidr_blocks": [],
                "prefix_list_ids": [],
                "protocol": "-1",
                "security_groups": [],
                "self": false,
                "to_port": 0
              }
            ],
            "id": "sg-0d77ea7cb2f03d30d",
            "ingress": [
              {
                "cidr_blocks": [
                  "0.0.0.0/0"
                ],
                "description": "",
                "from_port": 0,
                "ipv6_cidr_blocks": [],
                "prefix_list_ids": [],
                "protocol": "-1",
                "security_groups": [],
                "self": false,
                "to_port": 0
              }
            ],
            "name": "rover_dev_sg",
            "name_prefix": "",
            "owner_id": "886436933815",
            "region": "us-east-1",
            "revoke_rules_on_delete": false,
            "tags": {
              "Name": "rover_dev_sg"
            },
            "tags_all": {
              "Name": "rover_dev_sg"
            },
            "timeouts": null,
            "vpc_id": "vpc-0753c58500f2d27d4"
          },
          "sensitive_attributes": [],
          "identity_schema_version": 0,
          "identity": {
            "account_id": "886436933815",
            "id": "sg-0d77ea7cb2f03d30d",
            "region": "us-east-1"
          },
          "private": "eyJlMmJmYjczMC1lY2FhLTExZTYtOGY4OC0zNDM2M2JjN2M0YzAiOnsiY3JlYXRlIjo2MDAwMDAwMDAwMDAsImRlbGV0ZSI6OTAwMDAwMDAwMDAwfSwic2NoZW1hX3ZlcnNpb24iOiIxIn0=",
          "dependencies": [
            "module.vpc.aws_vpc.rover_vpc_east"
          ]
        }
      ]
    },
    {
      "module": "module.vpc",
      "mode": "managed",
      "type": "aws_subnet",
      "name": "rover_public_subent-1a",
      "provider": "provider[\"registry.terraform.io/hashicorp/aws\"].primary_east",
      "instances": [
        {
          "schema_version": 1,
          "attributes": {
            "arn": "arn:aws:ec2:us-east-1:886436933815:subnet/subnet-0aaf7602afa7e4dad",
            "assign_ipv6_address_on_creation": false,
            "availability_zone": "us-east-1a",
            "availability_zone_id": "use1-az2",
            "cidr_block": "11.0.10.0/24",
            "customer_owned_ipv4_pool": "",
            "enable_dns64": false,
            "enable_lni_at_device_index": 0,
            "enable_resource_name_dns_a_record_on_launch": false,
            "enable_resource_name_dns_aaaa_record_on_launch": false,
            "id": "subnet-0aaf7602afa7e4dad",
            "ipv4_ipam_pool_id": null,
            "ipv4_netmask_length": null,
            "ipv6_cidr_block": "",
            "ipv6_cidr_block_association_id": "",
            "ipv6_ipam_pool_id": null,
            "ipv6_native": false,
            "ipv6_netmask_length": null,
            "map_customer_owned_ip_on_launch": false,
            "map_public_ip_on_launch": true,
            "outpost_arn": "",
            "owner_id": "886436933815",
            "private_dns_hostname_type_on_launch": "ip-name",
            "region": "us-east-1",
            "tags": {
              "Name": "rover_dev_public_subnet_1a"
            },
            "tags_all": {
              "Name": "rover_dev_public_subnet_1a"
            },
            "timeouts": null,
            "vpc_id": "vpc-0753c58500f2d27d4"
          },
          "sensitive_attributes": [],
          "identity_schema_version": 0,
          "identity": {
            "account_id": "886436933815",
            "id": "subnet-0aaf7602afa7e4dad",
            "region": "us-east-1"
          },
          "private": "eyJlMmJmYjczMC1lY2FhLTExZTYtOGY4OC0zNDM2M2JjN2M0YzAiOnsiY3JlYXRlIjo2MDAwMDAwMDAwMDAsImRlbGV0ZSI6MTIwMDAwMDAwMDAwMH0sInNjaGVtYV92ZXJzaW9uIjoiMSJ9",
          "dependencies": [
            "module.vpc.aws_vpc.rover_vpc_east"
          ]
        }
      ]
    },
    {
      "module": "module.vpc",
      "mode": "managed",
      "type": "aws_subnet",
      "name": "rover_public_subent-1b",
      "provider": "provider[\"registry.terraform.io/hashicorp/aws\"].primary_east",
      "instances": [
        {
          "schema_version": 1,
          "attributes": {
            "arn": "arn:aws:ec2:us-east-1:886436933815:subnet/subnet-078974845ac4cab20",
            "assign_ipv6_address_on_creation": false,
            "availability_zone": "us-east-1b",
            "availability_zone_id": "use1-az4",
            "cidr_block": "11.0.20.0/24",
            "customer_owned_ipv4_pool": "",
            "enable_dns64": false,
            "enable_lni_at_device_index": 0,
            "enable_resource_name_dns_a_record_on_launch": false,
            "enable_resource_name_dns_aaaa_record_on_launch": false,
            "id": "subnet-078974845ac4cab20",
            "ipv4_ipam_pool_id": null,
            "ipv4_netmask_length": null,
            "ipv6_cidr_block": "",
            "ipv6_cidr_block_association_id": "",
            "ipv6_ipam_pool_id": null,
            "ipv6_native": false,
            "ipv6_netmask_length": null,
            "map_customer_owned_ip_on_launch": false,
            "map_public_ip_on_launch": true,
            "outpost_arn": "",
            "owner_id": "886436933815",
            "private_dns_hostname_type_on_launch": "ip-name",
            "region": "us-east-1",
            "tags": {
              "Name": "rover_dev_public_subnet_1b"
            },
            "tags_all": {
              "Name": "rover_dev_public_subnet_1b"
            },
            "timeouts": null,
            "vpc_id": "vpc-0753c58500f2d27d4"
          },
          "sensitive_attributes": [],
          "identity_schema_version": 0,
          "identity": {
            "account_id": "886436933815",
            "id": "subnet-078974845ac4cab20",
            "region": "us-east-1"
          },
          "private": "eyJlMmJmYjczMC1lY2FhLTExZTYtOGY4OC0zNDM2M2JjN2M0YzAiOnsiY3JlYXRlIjo2MDAwMDAwMDAwMDAsImRlbGV0ZSI6MTIwMDAwMDAwMDAwMH0sInNjaGVtYV92ZXJzaW9uIjoiMSJ9",
          "dependencies": [
            "module.vpc.aws_vpc.rover_vpc_east"
          ]
        }
      ]
    },
    {
      "module": "module.vpc",
      "mode": "managed",
      "type": "aws_vpc",
      "name": "rover_vpc_east",
      "provider": "provider[\"registry.terraform.io/hashicorp/aws\"].primary_east",
      "instances": [
        {
          "schema_version": 1,
          "attributes": {
            "arn": "arn:aws:ec2:us-east-1:886436933815:vpc/vpc-0753c58500f2d27d4",
            "assign_generated_ipv6_cidr_block": false,
            "cidr_block": "11.0.0.0/16",
            "default_network_acl_id": "acl-0e6c0e54b5bd22c2f",
            "default_route_table_id": "rtb-026aa99938683bad6",
            "default_security_group_id": "sg-061d398df1f980e09",
            "dhcp_options_id": "dopt-0d2957dcbe988b6d3",
            "enable_dns_hostnames": false,
            "enable_dns_support": true,
            "enable_network_address_usage_metrics": false,
            "id": "vpc-0753c58500f2d27d4",
            "instance_tenancy": "default",
            "ipv4_ipam_pool_id": null,
            "ipv4_netmask_length": null,
            "ipv6_association_id": "",
            "ipv6_cidr_block": "",
            "ipv6_cidr_block_network_border_group": "",
            "ipv6_ipam_pool_id": "",
            "ipv6_netmask_length": 0,
            "main_route_table_id": "rtb-026aa99938683bad6",
            "owner_id": "886436933815",
            "region": "us-east-1",
            "tags": {
              "Name": "rover_vpc_dev"
            },
            "tags_all": {
              "Name": "rover_vpc_dev"
            }
          },
          "sensitive_attributes": [],
          "identity_schema_version": 0,
          "identity": {
            "account_id": "886436933815",
            "id": "vpc-0753c58500f2d27d4",
            "region": "us-east-1"
          },
          "private": "eyJzY2hlbWFfdmVyc2lvbiI6IjEifQ=="
        }
      ]
    },
    {
      "module": "module.vpc",
      "mode": "managed",
      "type": "aws_vpc_security_group_egress_rule",
      "name": "rover_dev_sg_egress",
      "provider": "provider[\"registry.terraform.io/hashicorp/aws\"].primary_east",
      "instances": [
        {
          "schema_version": 0,
          "attributes": {
            "arn": "arn:aws:ec2:us-east-1:886436933815:security-group-rule/sgr-0fb82665ec9f45fd2",
            "cidr_ipv4": "0.0.0.0/0",
            "cidr_ipv6": null,
            "description": null,
            "from_port": null,
            "id": "sgr-0fb82665ec9f45fd2",
            "ip_protocol": "-1",
            "prefix_list_id": null,
            "referenced_security_group_id": null,
            "region": "us-east-1",
            "security_group_id": "sg-0d77ea7cb2f03d30d",
            "security_group_rule_id": "sgr-0fb82665ec9f45fd2",
            "tags": null,
            "tags_all": {},
            "to_port": null
          },
          "sensitive_attributes": [],
          "identity_schema_version": 0,
          "identity": {
            "account_id": "886436933815",
            "id": "sgr-0fb82665ec9f45fd2",
            "region": "us-east-1"
          },
          "dependencies": [
            "module.vpc.aws_security_group.rover_dev_sg",
            "module.vpc.aws_vpc.rover_vpc_east"
          ]
        }
      ]
    },
    {
      "module": "module.vpc",
      "mode": "managed",
      "type": "aws_vpc_security_group_ingress_rule",
      "name": "rover_dev_sg_ingress",
      "provider": "provider[\"registry.terraform.io/hashicorp/aws\"].primary_east",
      "instances": [
        {
          "schema_version": 0,
          "attributes": {
            "arn": "arn:aws:ec2:us-east-1:886436933815:security-group-rule/sgr-01411b081db601867",
            "cidr_ipv4": "0.0.0.0/0",
            "cidr_ipv6": null,
            "description": null,
            "from_port": null,
            "id": "sgr-01411b081db601867",
            "ip_protocol": "-1",
            "prefix_list_id": null,
            "referenced_security_group_id": null,
            "region": "us-east-1",
            "security_group_id": "sg-0d77ea7cb2f03d30d",
            "security_group_rule_id": "sgr-01411b081db601867",
            "tags": null,
            "tags_all": {},
            "to_port": null
          },
          "sensitive_attributes": [],
          "identity_schema_version": 0,
          "identity": {
            "account_id": "886436933815",
            "id": "sgr-01411b081db601867",
            "region": "us-east-1"
          },
          "dependencies": [
            "module.vpc.aws_security_group.rover_dev_sg",
            "module.vpc.aws_vpc.rover_vpc_east"
          ]
        }
      ]
    }
  ],
  "check_results": null
}
